
Microsoft Visual Studio Solution File, Format Version 12.00
# Visual Studio Version 17
VisualStudioVersion = 17.14.36310.24
MinimumVisualStudioVersion = 10.0.40219.1
Project("{FAE04EC0-301F-11D3-BF4B-00C04F79EFBC}") = "CylinderService", "CylinderService\CylinderService.csproj", "{68C6BC51-F343-49C1-A101-7C79D6AD9D38}"
EndProject
Project("{2150E333-8FDC-42A3-9474-1A3956D46DE8}") = "Solution Items", "Solution Items", "{8EC462FD-D22E-90A8-E5CE-7E832BA40C5D}"
	ProjectSection(SolutionItems) = preProject
		nuget.config = nuget.config
	EndProjectSection
EndProject
Project("{FAE04EC0-301F-11D3-BF4B-00C04F79EFBC}") = "CustomerService", "CustomerService\CustomerService.csproj", "{275405DB-826E-468D-911C-DEF7210B908C}"
EndProject
Project("{FAE04EC0-301F-11D3-BF4B-00C04F79EFBC}") = "InventoryService", "InventoryService\InventoryService.csproj", "{8B800D67-F9AE-4CDD-BB25-0A505DEB8C16}"
EndProject
Project("{FAE04EC0-301F-11D3-BF4B-00C04F79EFBC}") = "TransactionService", "TransactionService\TransactionService.csproj", "{354DFA02-F9A3-4723-B807-B8DCAD39326B}"
EndProject
Project("{FAE04EC0-301F-11D3-BF4B-00C04F79EFBC}") = "OrderService", "OrderService\OrderService.csproj", "{D963754C-1D64-4791-A4D2-8DD9AF2720B1}"
EndProject
Global
	GlobalSection(SolutionConfigurationPlatforms) = preSolution
		Debug|Any CPU = Debug|Any CPU
		Release|Any CPU = Release|Any CPU
	EndGlobalSection
	GlobalSection(ProjectConfigurationPlatforms) = postSolution
		{68C6BC51-F343-49C1-A101-7C79D6AD9D38}.Debug|Any CPU.ActiveCfg = Debug|Any CPU
		{68C6BC51-F343-49C1-A101-7C79D6AD9D38}.Debug|Any CPU.Build.0 = Debug|Any CPU
		{68C6BC51-F343-49C1-A101-7C79D6AD9D38}.Release|Any CPU.ActiveCfg = Release|Any CPU
		{68C6BC51-F343-49C1-A101-7C79D6AD9D38}.Release|Any CPU.Build.0 = Release|Any CPU
		{275405DB-826E-468D-911C-DEF7210B908C}.Debug|Any CPU.ActiveCfg = Debug|Any CPU
		{275405DB-826E-468D-911C-DEF7210B908C}.Debug|Any CPU.Build.0 = Debug|Any CPU
		{275405DB-826E-468D-911C-DEF7210B908C}.Release|Any CPU.ActiveCfg = Release|Any CPU
		{275405DB-826E-468D-911C-DEF7210B908C}.Release|Any CPU.Build.0 = Release|Any CPU
		{8B800D67-F9AE-4CDD-BB25-0A505DEB8C16}.Debug|Any CPU.ActiveCfg = Debug|Any CPU
		{8B800D67-F9AE-4CDD-BB25-0A505DEB8C16}.Debug|Any CPU.Build.0 = Debug|Any CPU
		{8B800D67-F9AE-4CDD-BB25-0A505DEB8C16}.Release|Any CPU.ActiveCfg = Release|Any CPU
		{8B800D67-F9AE-4CDD-BB25-0A505DEB8C16}.Release|Any CPU.Build.0 = Release|Any CPU
		{354DFA02-F9A3-4723-B807-B8DCAD39326B}.Debug|Any CPU.ActiveCfg = Debug|Any CPU
		{354DFA02-F9A3-4723-B807-B8DCAD39326B}.Debug|Any CPU.Build.0 = Debug|Any CPU
		{354DFA02-F9A3-4723-B807-B8DCAD39326B}.Release|Any CPU.ActiveCfg = Release|Any CPU
		{354DFA02-F9A3-4723-B807-B8DCAD39326B}.Release|Any CPU.Build.0 = Release|Any CPU
		{D963754C-1D64-4791-A4D2-8DD9AF2720B1}.Debug|Any CPU.ActiveCfg = Debug|Any CPU
		{D963754C-1D64-4791-A4D2-8DD9AF2720B1}.Debug|Any CPU.Build.0 = Debug|Any CPU
		{D963754C-1D64-4791-A4D2-8DD9AF2720B1}.Release|Any CPU.ActiveCfg = Release|Any CPU
		{D963754C-1D64-4791-A4D2-8DD9AF2720B1}.Release|Any CPU.Build.0 = Release|Any CPU
	EndGlobalSection
	GlobalSection(SolutionProperties) = preSolution
		HideSolutionNode = FALSE
	EndGlobalSection
	GlobalSection(ExtensibilityGlobals) = postSolution
		SolutionGuid = {FB76135F-38AC-40D6-BBEB-7D7FCB6B830E}
	EndGlobalSection
EndGlobal
